
Microsoft Visual Studio Solution File, Format Version 12.00
# Visual Studio Version 17
VisualStudioVersion = 17.5.002.0
MinimumVisualStudioVersion = 10.0.40219.1
Project("{9A19103F-16F7-4668-BE54-9A1E7A4F7556}") = "tde1", "tde1.csproj", "{EBACA414-B436-4574-920D-8D19C08B2A64}"
EndProject
Global
	GlobalSection(SolutionConfigurationPlatforms) = preSolution
		Debug|Any CPU = Debug|Any CPU
		Release|Any CPU = Release|Any CPU
	EndGlobalSection
	GlobalSection(ProjectConfigurationPlatforms) = postSolution
		{EBACA414-B436-4574-920D-8D19C08B2A64}.Debug|Any CPU.ActiveCfg = Debug|Any CPU
		{EBACA414-B436-4574-920D-8D19C08B2A64}.Debug|Any CPU.Build.0 = Debug|Any CPU
		{EBACA414-B436-4574-920D-8D19C08B2A64}.Release|Any CPU.ActiveCfg = Release|Any CPU
		{EBACA414-B436-4574-920D-8D19C08B2A64}.Release|Any CPU.Build.0 = Release|Any CPU
	EndGlobalSection
	GlobalSection(SolutionProperties) = preSolution
		HideSolutionNode = FALSE
	EndGlobalSection
	GlobalSection(ExtensibilityGlobals) = postSolution
		SolutionGuid = {2F11B444-60D9-4B0A-87B4-D3E1B2DC94D7}
	EndGlobalSection
EndGlobal
